<Solution>
  <Project Path="InventoryManager.Application/InventoryManager.Application.csproj" />
  <Project Path="InventoryManager.Domain/InventoryManager.Domain.csproj" />
  <Project Path="InventoryManager.Host/InventoryManager.Host.csproj" />
  <Project Path="InventoryManager.Persistence/InventoryManager.Persistence.csproj" />
</Solution>
